
Microsoft Visual Studio Solution File, Format Version 12.00
# Visual Studio Version 17
VisualStudioVersion = 17.5.33516.290
MinimumVisualStudioVersion = 10.0.40219.1
Project("{2150E333-8FDC-42A3-9474-1A3956D46DE8}") = "Core", "Core", "{16EACB87-E1AC-45C7-9240-84FC919E2AF2}"
EndProject
Project("{FAE04EC0-301F-11D3-BF4B-00C04F79EFBC}") = "ETicaretAPI.Domain", "Core\ETicaretAPI.Domain\ETicaretAPI.Domain.csproj", "{DFA084E4-AA9A-4C18-91CF-818ADAB3D108}"
EndProject
Project("{FAE04EC0-301F-11D3-BF4B-00C04F79EFBC}") = "ETicaretAPI.Application", "Core\ETicaretAPI.Application\ETicaretAPI.Application.csproj", "{75FD2AE2-37A1-4A3C-A4DC-55AAD56650D5}"
EndProject
Project("{2150E333-8FDC-42A3-9474-1A3956D46DE8}") = "Infrastructure", "Infrastructure", "{06F1DA8B-3785-4C8D-B710-B4444FFDBF56}"
EndProject
Project("{FAE04EC0-301F-11D3-BF4B-00C04F79EFBC}") = "ETicaretAPI.Infrastructure", "Infrastructure\ETicaretAPI.Infrastructure\ETicaretAPI.Infrastructure.csproj", "{319A4B14-CC28-430D-85A7-FD154B435672}"
EndProject
Project("{FAE04EC0-301F-11D3-BF4B-00C04F79EFBC}") = "ETicaretAPI.Persistance", "Infrastructure\ETicaretAPI.Persistance\ETicaretAPI.Persistance.csproj", "{EDF03AA7-DC61-4F35-B11B-619A16D9B504}"
EndProject
Project("{2150E333-8FDC-42A3-9474-1A3956D46DE8}") = "Presentation", "Presentation", "{0F95459B-DCEA-47F9-9E9B-5664F6F125E3}"
EndProject
Project("{FAE04EC0-301F-11D3-BF4B-00C04F79EFBC}") = "ETicaretAPI.API", "Presentation\ETicaretAPI.API\ETicaretAPI.API.csproj", "{CE94FA52-E3B6-49C2-B3C4-E66AE8E03B02}"
EndProject
Global
	GlobalSection(SolutionConfigurationPlatforms) = preSolution
		Debug|Any CPU = Debug|Any CPU
		Release|Any CPU = Release|Any CPU
	EndGlobalSection
	GlobalSection(ProjectConfigurationPlatforms) = postSolution
		{DFA084E4-AA9A-4C18-91CF-818ADAB3D108}.Debug|Any CPU.ActiveCfg = Debug|Any CPU
		{DFA084E4-AA9A-4C18-91CF-818ADAB3D108}.Debug|Any CPU.Build.0 = Debug|Any CPU
		{DFA084E4-AA9A-4C18-91CF-818ADAB3D108}.Release|Any CPU.ActiveCfg = Release|Any CPU
		{DFA084E4-AA9A-4C18-91CF-818ADAB3D108}.Release|Any CPU.Build.0 = Release|Any CPU
		{75FD2AE2-37A1-4A3C-A4DC-55AAD56650D5}.Debug|Any CPU.ActiveCfg = Debug|Any CPU
		{75FD2AE2-37A1-4A3C-A4DC-55AAD56650D5}.Debug|Any CPU.Build.0 = Debug|Any CPU
		{75FD2AE2-37A1-4A3C-A4DC-55AAD56650D5}.Release|Any CPU.ActiveCfg = Release|Any CPU
		{75FD2AE2-37A1-4A3C-A4DC-55AAD56650D5}.Release|Any CPU.Build.0 = Release|Any CPU
		{319A4B14-CC28-430D-85A7-FD154B435672}.Debug|Any CPU.ActiveCfg = Debug|Any CPU
		{319A4B14-CC28-430D-85A7-FD154B435672}.Debug|Any CPU.Build.0 = Debug|Any CPU
		{319A4B14-CC28-430D-85A7-FD154B435672}.Release|Any CPU.ActiveCfg = Release|Any CPU
		{319A4B14-CC28-430D-85A7-FD154B435672}.Release|Any CPU.Build.0 = Release|Any CPU
		{EDF03AA7-DC61-4F35-B11B-619A16D9B504}.Debug|Any CPU.ActiveCfg = Debug|Any CPU
		{EDF03AA7-DC61-4F35-B11B-619A16D9B504}.Debug|Any CPU.Build.0 = Debug|Any CPU
		{EDF03AA7-DC61-4F35-B11B-619A16D9B504}.Release|Any CPU.ActiveCfg = Release|Any CPU
		{EDF03AA7-DC61-4F35-B11B-619A16D9B504}.Release|Any CPU.Build.0 = Release|Any CPU
		{CE94FA52-E3B6-49C2-B3C4-E66AE8E03B02}.Debug|Any CPU.ActiveCfg = Debug|Any CPU
		{CE94FA52-E3B6-49C2-B3C4-E66AE8E03B02}.Debug|Any CPU.Build.0 = Debug|Any CPU
		{CE94FA52-E3B6-49C2-B3C4-E66AE8E03B02}.Release|Any CPU.ActiveCfg = Release|Any CPU
		{CE94FA52-E3B6-49C2-B3C4-E66AE8E03B02}.Release|Any CPU.Build.0 = Release|Any CPU
	EndGlobalSection
	GlobalSection(SolutionProperties) = preSolution
		HideSolutionNode = FALSE
	EndGlobalSection
	GlobalSection(NestedProjects) = preSolution
		{DFA084E4-AA9A-4C18-91CF-818ADAB3D108} = {16EACB87-E1AC-45C7-9240-84FC919E2AF2}
		{75FD2AE2-37A1-4A3C-A4DC-55AAD56650D5} = {16EACB87-E1AC-45C7-9240-84FC919E2AF2}
		{319A4B14-CC28-430D-85A7-FD154B435672} = {06F1DA8B-3785-4C8D-B710-B4444FFDBF56}
		{EDF03AA7-DC61-4F35-B11B-619A16D9B504} = {06F1DA8B-3785-4C8D-B710-B4444FFDBF56}
		{CE94FA52-E3B6-49C2-B3C4-E66AE8E03B02} = {0F95459B-DCEA-47F9-9E9B-5664F6F125E3}
	EndGlobalSection
	GlobalSection(ExtensibilityGlobals) = postSolution
		SolutionGuid = {8900A543-2BCA-4C77-BB62-845EB7AE2767}
	EndGlobalSection
EndGlobal
